
Microsoft Visual Studio Solution File, Format Version 12.00
# Visual Studio Version 16
VisualStudioVersion = 16.0.810.8
MinimumVisualStudioVersion = 10.0.40219.1
Project("{FAE04EC0-301F-11D3-BF4B-00C04F79EFBC}") = "CodingEvents", "CodingEvents\CodingEvents.csproj", "{C9324289-3B27-4F43-885B-7EA535B12743}"
EndProject
Global
	GlobalSection(SolutionConfigurationPlatforms) = preSolution
		Debug|Any CPU = Debug|Any CPU
		Release|Any CPU = Release|Any CPU
	EndGlobalSection
	GlobalSection(ProjectConfigurationPlatforms) = postSolution
		{C9324289-3B27-4F43-885B-7EA535B12743}.Debug|Any CPU.ActiveCfg = Debug|Any CPU
		{C9324289-3B27-4F43-885B-7EA535B12743}.Debug|Any CPU.Build.0 = Debug|Any CPU
		{C9324289-3B27-4F43-885B-7EA535B12743}.Release|Any CPU.ActiveCfg = Release|Any CPU
		{C9324289-3B27-4F43-885B-7EA535B12743}.Release|Any CPU.Build.0 = Release|Any CPU
	EndGlobalSection
	GlobalSection(SolutionProperties) = preSolution
		HideSolutionNode = FALSE
	EndGlobalSection
	GlobalSection(ExtensibilityGlobals) = postSolution
		SolutionGuid = {42C1903F-2FD3-44C8-BAEA-366F227CDD69}
	EndGlobalSection
EndGlobal
